<?xml version="1.0" encoding="utf-8"?>
<Project ToolsVersion="4.0" xmlns="http://schemas.microsoft.com/developer/msbuild/2003">
  <ItemGroup>
    <Filter Include="Source Files">
      <UniqueIdentifier>{4FC737F1-C7A5-4376-A066-2A32D752A2FF}</UniqueIdentifier>
      <Extensions>cpp;c;cc;cxx;def;odl;idl;hpj;bat;asm;asmx</Extensions>
    </Filter>
    <Filter Include="Header Files">
      <UniqueIdentifier>{93995380-89BD-4b04-88EB-625FBE52EBFB}</UniqueIdentifier>
      <Extensions>h;hh;hpp;hxx;hm;inl;inc;xsd</Extensions>
    </Filter>
    <Filter Include="Resource Files">
      <UniqueIdentifier>{67DA6AB6-F800-4c08-8B7A-83BB121AAD01}</UniqueIdentifier>
      <Extensions>rc;ico;cur;bmp;dlg;rc2;rct;bin;rgs;gif;jpg;jpeg;jpe;resx;tiff;tif;png;wav;mfcribbon-ms</Extensions>
    </Filter>
    <Filter Include="Header Files\helpers">
      <UniqueIdentifier>{4df94450-9395-47d4-be83-3080c8c1263f}</UniqueIdentifier>
    </Filter>
    <Filter Include="Source Files\Cameras">
      <UniqueIdentifier>{ab94e2a3-19b2-42ae-ac20-ff7768e893dc}</UniqueIdentifier>
    </Filter>
    <Filter Include="Header Files\Cameras">
      <UniqueIdentifier>{89dbf316-e606-4437-a2f5-ddbc98ee4c9a}</UniqueIdentifier>
    </Filter>
    <Filter Include="Source Files\assets">
      <UniqueIdentifier>{f3887f99-ead2-4887-ba5d-738b494e12eb}</UniqueIdentifier>
    </Filter>
    <Filter Include="Header Files\assets">
      <UniqueIdentifier>{ee138112-8a35-4ce1-9d56-5780f6be4057}</UniqueIdentifier>
    </Filter>
    <Filter Include="Resource Files\DirectXTK">
      <UniqueIdentifier>{22fe8073-260a-4ced-9492-e95870146475}</UniqueIdentifier>
    </Filter>
    <Filter Include="Resource Files\shaders">
      <UniqueIdentifier>{a07483b1-0aa3-48ee-a011-f5f078b7c88a}</UniqueIdentifier>
    </Filter>
    <Filter Include="Source Files\modules">
      <UniqueIdentifier>{cfddaf29-4563-4f9e-b059-6506b6cfcdd7}</UniqueIdentifier>
    </Filter>
    <Filter Include="Source Files\modules\Colisions">
      <UniqueIdentifier>{7281d8a8-5688-4458-9234-b9b6c4139407}</UniqueIdentifier>
    </Filter>
    <Filter Include="Header Files\modules">
      <UniqueIdentifier>{9ab4a540-8439-4c1b-91ca-7db2e9da442a}</UniqueIdentifier>
    </Filter>
    <Filter Include="Header Files\modules\Colisions">
      <UniqueIdentifier>{65f65ec7-4d97-44ea-9a3d-9ee263012f23}</UniqueIdentifier>
    </Filter>
    <Filter Include="Source Files\helpers">
      <UniqueIdentifier>{f2b63c39-4f85-4ee5-a9b4-6f9ff50bf534}</UniqueIdentifier>
    </Filter>
    <Filter Include="Header Files\assets\Environment">
      <UniqueIdentifier>{977d2dbc-0cb7-482c-816c-7dc01a15c577}</UniqueIdentifier>
    </Filter>
    <Filter Include="Header Files\assets\objects">
      <UniqueIdentifier>{e20984a5-3e14-4da5-a7fd-de0839694dc5}</UniqueIdentifier>
    </Filter>
    <Filter Include="Source Files\assets\Environment">
      <UniqueIdentifier>{8ceff0e0-072d-40d5-98e4-0525d9dcbdfc}</UniqueIdentifier>
    </Filter>
    <Filter Include="Source Files\assets\Objects">
      <UniqueIdentifier>{dbdc2ffb-cb57-4c91-af69-33367b95e3d1}</UniqueIdentifier>
    </Filter>
  </ItemGroup>
  <ItemGroup>
    <ClInclude Include="Mesh.h">
      <Filter>Header Files\assets</Filter>
    </ClInclude>
    <ClInclude Include="DirectXTK\SpriteBatch.h">
      <Filter>Resource Files\DirectXTK</Filter>
    </ClInclude>
    <ClInclude Include="DirectXTK\SpriteFont.h">
      <Filter>Resource Files\DirectXTK</Filter>
    </ClInclude>
    <ClInclude Include="DirectXTK\CommonStates.h">
      <Filter>Resource Files\DirectXTK</Filter>
    </ClInclude>
    <ClInclude Include="DirectXTK\pch.h">
      <Filter>Resource Files\DirectXTK</Filter>
    </ClInclude>
    <ClInclude Include="DirectXTK\DirectXHelpers.h">
      <Filter>Resource Files\DirectXTK</Filter>
    </ClInclude>
    <ClInclude Include="DirectXTK\DemandCreate.h">
      <Filter>Resource Files\DirectXTK</Filter>
    </ClInclude>
    <ClInclude Include="DirectXTK\ConstantBuffer.h">
      <Filter>Resource Files\DirectXTK</Filter>
    </ClInclude>
    <ClInclude Include="DirectXTK\PlatformHelpers.h">
      <Filter>Resource Files\DirectXTK</Filter>
    </ClInclude>
    <ClInclude Include="DirectXTK\BinaryReader.h">
      <Filter>Resource Files\DirectXTK</Filter>
    </ClInclude>
    <ClInclude Include="DirectXTK\GraphicsMemory.h">
      <Filter>Resource Files\DirectXTK</Filter>
    </ClInclude>
    <ClInclude Include="DirectXTK\VertexTypes.h">
      <Filter>Resource Files\DirectXTK</Filter>
    </ClInclude>
    <ClInclude Include="DirectXTK\LoaderHelpers.h">
      <Filter>Resource Files\DirectXTK</Filter>
    </ClInclude>
    <ClInclude Include="DirectXTK\SharedResourcePool.h">
      <Filter>Resource Files\DirectXTK</Filter>
    </ClInclude>
    <ClInclude Include="DirectXTK\dds.h">
      <Filter>Resource Files\DirectXTK</Filter>
    </ClInclude>
    <ClInclude Include="DirectXTK\DDSTextureLoader.h">
      <Filter>Resource Files\DirectXTK</Filter>
    </ClInclude>
    <ClInclude Include="DirectXTK\WICTextureLoader.h">
      <Filter>Resource Files\DirectXTK</Filter>
    </ClInclude>
    <ClInclude Include="Input.h">
      <Filter>Header Files\assets</Filter>
    </ClInclude>
    <ClInclude Include="FPSPlayer.h">
      <Filter>Header Files\assets\objects</Filter>
    </ClInclude>
    <ClInclude Include="GameObjects.h">
      <Filter>Header Files\assets\objects</Filter>
    </ClInclude>
    <ClInclude Include="PhysicsObject.h">
      <Filter>Header Files\assets\objects</Filter>
    </ClInclude>
    <ClInclude Include="Player.h">
      <Filter>Header Files\assets\objects</Filter>
    </ClInclude>
    <ClInclude Include="SpinningObject.h">
      <Filter>Header Files\assets\objects</Filter>
    </ClInclude>
    <ClInclude Include="AIPlayer.h">
      <Filter>Header Files\assets\objects</Filter>
    </ClInclude>
    <ClInclude Include="AIController.h">
      <Filter>Header Files\assets\objects</Filter>
    </ClInclude>
    <ClInclude Include="Bullets.h">
      <Filter>Header Files\assets\objects</Filter>
    </ClInclude>
    <ClInclude Include="Equipment.h">
      <Filter>Header Files\assets\objects</Filter>
    </ClInclude>
    <ClInclude Include="Loot.h">
      <Filter>Header Files\assets\objects</Filter>
    </ClInclude>
    <ClInclude Include="Camera.h">
      <Filter>Header Files\Cameras</Filter>
    </ClInclude>
    <ClInclude Include="FlyingCamera.h">
      <Filter>Header Files\Cameras</Filter>
    </ClInclude>
    <ClInclude Include="ThirdPersonCamera.h">
      <Filter>Header Files\Cameras</Filter>
    </ClInclude>
    <ClInclude Include="CombatExtras.h">
      <Filter>Header Files\helpers</Filter>
    </ClInclude>
    <ClInclude Include="MathsHelper.h">
      <Filter>Header Files\helpers</Filter>
    </ClInclude>
    <ClInclude Include="Cell.h">
      <Filter>Header Files\assets\Environment</Filter>
    </ClInclude>
    <ClInclude Include="Button.h">
      <Filter>Header Files\assets\objects</Filter>
    </ClInclude>
    <ClInclude Include="SpriteManager.h">
      <Filter>Header Files\modules</Filter>
    </ClInclude>
    <ClInclude Include="Collisions.h">
      <Filter>Header Files\modules\Colisions</Filter>
    </ClInclude>
    <ClInclude Include="Texture.h">
      <Filter>Header Files\assets\Environment</Filter>
    </ClInclude>
    <ClInclude Include="Hex.h">
      <Filter>Header Files\assets\Environment</Filter>
    </ClInclude>
    <ClInclude Include="Shader.h">
      <Filter>Header Files\assets\Environment</Filter>
    </ClInclude>
    <ClInclude Include="Map.h">
      <Filter>Header Files\assets\Environment</Filter>
    </ClInclude>
    <ClInclude Include="Direct3D.h">
      <Filter>Header Files\assets</Filter>
    </ClInclude>
    <ClInclude Include="Game.h">
      <Filter>Header Files\assets</Filter>
    </ClInclude>
    <ClInclude Include="Window.h">
      <Filter>Header Files\assets</Filter>
    </ClInclude>
    <ClInclude Include="StateMachine.h">
      <Filter>Header Files\modules</Filter>
    </ClInclude>
    <ClInclude Include="SimplexNoise.h">
      <Filter>Header Files\assets\Environment</Filter>
    </ClInclude>
    <ClInclude Include="Cluster.h">
      <Filter>Header Files\assets\Environment</Filter>
    </ClInclude>
  </ItemGroup>
  <ItemGroup>
    <ClCompile Include="Main.cpp">
      <Filter>Source Files</Filter>
    </ClCompile>
    <ClCompile Include="Direct3D.cpp">
      <Filter>Source Files</Filter>
    </ClCompile>
    <ClCompile Include="Game.cpp">
      <Filter>Source Files</Filter>
    </ClCompile>
    <ClCompile Include="Camera.cpp">
      <Filter>Source Files\Cameras</Filter>
    </ClCompile>
    <ClCompile Include="ThirdPersonCamera.cpp">
      <Filter>Source Files\Cameras</Filter>
    </ClCompile>
    <ClCompile Include="FlyingCamera.cpp">
      <Filter>Source Files\Cameras</Filter>
    </ClCompile>
    <ClCompile Include="Mesh.cpp">
      <Filter>Source Files\assets</Filter>
    </ClCompile>
    <ClCompile Include="Shader.cpp">
      <Filter>Source Files\assets</Filter>
    </ClCompile>
    <ClCompile Include="Texture.cpp">
      <Filter>Source Files\assets</Filter>
    </ClCompile>
    <ClCompile Include="Input.cpp">
      <Filter>Source Files</Filter>
    </ClCompile>
    <ClCompile Include="Window.cpp">
      <Filter>Source Files</Filter>
    </ClCompile>
    <ClCompile Include="DirectXTK\CommonStates.cpp">
      <Filter>Resource Files\DirectXTK</Filter>
    </ClCompile>
    <ClCompile Include="DirectXTK\SpriteBatch.cpp">
      <Filter>Resource Files\DirectXTK</Filter>
    </ClCompile>
    <ClCompile Include="DirectXTK\SpriteFont.cpp">
      <Filter>Resource Files\DirectXTK</Filter>
    </ClCompile>
    <ClCompile Include="DirectXTK\pch.cpp">
      <Filter>Resource Files\DirectXTK</Filter>
    </ClCompile>
    <ClCompile Include="DirectXTK\GraphicsMemory.cpp">
      <Filter>Resource Files\DirectXTK</Filter>
    </ClCompile>
    <ClCompile Include="DirectXTK\BinaryReader.cpp">
      <Filter>Resource Files\DirectXTK</Filter>
    </ClCompile>
    <ClCompile Include="DirectXTK\DDSTextureLoader.cpp">
      <Filter>Resource Files\DirectXTK</Filter>
    </ClCompile>
    <ClCompile Include="DirectXTK\VertexTypes.cpp">
      <Filter>Resource Files\DirectXTK</Filter>
    </ClCompile>
    <ClCompile Include="DirectXTK\WICTextureLoader.cpp">
      <Filter>Resource Files\DirectXTK</Filter>
    </ClCompile>
    <ClCompile Include="SpriteManager.cpp">
      <Filter>Source Files\assets</Filter>
    </ClCompile>
    <ClCompile Include="Collisions.cpp">
      <Filter>Source Files\modules\Colisions</Filter>
    </ClCompile>
    <ClCompile Include="MathsHelper.cpp">
      <Filter>Source Files\helpers</Filter>
    </ClCompile>
    <ClCompile Include="Map.cpp">
      <Filter>Source Files\assets\Environment</Filter>
    </ClCompile>
    <ClCompile Include="AIController.cpp">
      <Filter>Source Files\assets\Objects</Filter>
    </ClCompile>
    <ClCompile Include="AIPlayer.cpp">
      <Filter>Source Files\assets\Objects</Filter>
    </ClCompile>
    <ClCompile Include="Button.cpp">
      <Filter>Source Files\assets\Objects</Filter>
    </ClCompile>
    <ClCompile Include="FPSPlayer.cpp">
      <Filter>Source Files\assets\Objects</Filter>
    </ClCompile>
    <ClCompile Include="GameObjects.cpp">
      <Filter>Source Files\assets\Objects</Filter>
    </ClCompile>
    <ClCompile Include="PhysicsObject.cpp">
      <Filter>Source Files\assets\Objects</Filter>
    </ClCompile>
    <ClCompile Include="SpinningObject.cpp">
      <Filter>Source Files\assets\Objects</Filter>
    </ClCompile>
    <ClCompile Include="Bullets.cpp">
      <Filter>Source Files\assets\Objects</Filter>
    </ClCompile>
    <ClCompile Include="Equipment.cpp">
      <Filter>Source Files\assets</Filter>
    </ClCompile>
    <ClCompile Include="Player.cpp">
      <Filter>Source Files\assets\Objects</Filter>
    </ClCompile>
    <ClCompile Include="Loot.cpp">
      <Filter>Source Files\assets\Objects</Filter>
    </ClCompile>
    <ClCompile Include="Cell.cpp">
      <Filter>Source Files\assets\Environment</Filter>
    </ClCompile>
    <ClCompile Include="SimplexNoise.cpp">
      <Filter>Source Files\assets\Environment</Filter>
    </ClCompile>
    <ClCompile Include="Cluster.cpp">
      <Filter>Source Files\assets\Environment</Filter>
    </ClCompile>
  </ItemGroup>
  <ItemGroup>
    <None Include="Assets\Shaders\ScreenSpaceColourPixelShader.ps">
      <Filter>Resource Files\shaders</Filter>
    </None>
    <None Include="Assets\Shaders\TexturedPixelShader.ps">
      <Filter>Resource Files\shaders</Filter>
    </None>
    <None Include="Assets\Shaders\VertexColourPixelShader.ps">
      <Filter>Resource Files\shaders</Filter>
    </None>
    <None Include="Assets\Shaders\VertexShader.vs">
      <Filter>Resource Files\shaders</Filter>
    </None>
    <None Include="Assets\Shaders\DiffuseTexturedPixelShader.ps">
      <Filter>Resource Files\shaders</Filter>
    </None>
    <None Include="Assets\Shaders\UnlitTexturedPixelShader.ps">
      <Filter>Resource Files\shaders</Filter>
    </None>
    <None Include="Assets\Shaders\UnlitVertexColourPixelShader.ps">
      <Filter>Resource Files\shaders</Filter>
    </None>
    <None Include="Assets\Shaders\DiffuseTexturedFogPixelShader.ps">
      <Filter>Resource Files\shaders</Filter>
    </None>
  </ItemGroup>
</Project>